// !$*UTF8*$!
{
	archiveVersion = 1;
	classes = {
	};
	objectVersion = 50;
	objects = {

/* Begin PBXBuildFile section */
		665400CA2228DBA2004D773A /* AppDelegate.m in Sources */ = {isa = PBXBuildFile; fileRef = 665400C92228DBA2004D773A /* AppDelegate.m */; };
		665400CD2228DBA2004D773A /* ViewController.m in Sources */ = {isa = PBXBuildFile; fileRef = 665400CC2228DBA2004D773A /* ViewController.m */; };
		665400D02228DBA2004D773A /* Main.storyboard in Resources */ = {isa = PBXBuildFile; fileRef = 665400CE2228DBA2004D773A /* Main.storyboard */; };
		665400D22228DBA4004D773A /* Assets.xcassets in Resources */ = {isa = PBXBuildFile; fileRef = 665400D12228DBA4004D773A /* Assets.xcassets */; };
		665400D52228DBA4004D773A /* LaunchScreen.storyboard in Resources */ = {isa = PBXBuildFile; fileRef = 665400D32228DBA4004D773A /* LaunchScreen.storyboard */; };
		665400D82228DBA4004D773A /* main.m in Sources */ = {isa = PBXBuildFile; fileRef = 665400D72228DBA4004D773A /* main.m */; };
/* End PBXBuildFile section */

/* Begin PBXFileReference section */
		665400C52228DBA2004D773A /* SlipMyMindSecond.app */ = {isa = PBXFileReference; explicitFileType = wrapper.application; includeInIndex = 0; path = SlipMyMindSecond.app; sourceTree = BUILT_PRODUCTS_DIR; };
		665400C82228DBA2004D773A /* AppDelegate.h */ = {isa = PBXFileReference; lastKnownFileType = sourcecode.c.h; path = AppDelegate.h; sourceTree = "<group>"; };
		665400C92228DBA2004D773A /* AppDelegate.m */ = {isa = PBXFileReference; lastKnownFileType = sourcecode.c.objc; path = AppDelegate.m; sourceTree = "<group>"; };
		665400CB2228DBA2004D773A /* ViewController.h */ = {isa = PBXFileReference; lastKnownFileType = sourcecode.c.h; path = ViewController.h; sourceTree = "<group>"; };
		665400CC2228DBA2004D773A /* ViewController.m */ = {isa = PBXFileReference; lastKnownFileType = sourcecode.c.objc; path = ViewController.m; sourceTree = "<group>"; };
		665400CF2228DBA2004D773A /* Base */ = {isa = PBXFileReference; lastKnownFileType = file.storyboard; name = Base; path = Base.lproj/Main.storyboard; sourceTree = "<group>"; };
		665400D12228DBA4004D773A /* Assets.xcassets */ = {isa = PBXFileReference; lastKnownFileType = folder.assetcatalog; path = Assets.xcassets; sourceTree = "<group>"; };
		665400D42228DBA4004D773A /* Base */ = {isa = PBXFileReference; lastKnownFileType = file.storyboard; name = Base; path = Base.lproj/LaunchScreen.storyboard; sourceTree = "<group>"; };
		665400D62228DBA4004D773A /* Info.plist */ = {isa = PBXFileReference; lastKnownFileType = text.plist.xml; path = Info.plist; sourceTree = "<group>"; };
		665400D72228DBA4004D773A /* main.m */ = {isa = PBXFileReference; lastKnownFileType = sourcecode.c.objc; path = main.m; sourceTree = "<group>"; };
/* End PBXFileReference section */

/* Begin PBXFrameworksBuildPhase section */
		665400C22228DBA2004D773A /* Frameworks */ = {
			isa = PBXFrameworksBuildPhase;
			buildActionMask = 2147483647;
			files = (
			);
			runOnlyForDeploymentPostprocessing = 0;
		};
/* End PBXFrameworksBuildPhase section */

/* Begin PBXGroup section */
		665400BC2228DBA2004D773A = {
			isa = PBXGroup;
			children = (
				665400C72228DBA2004D773A /* SlipMyMindSecond */,
				665400C62228DBA2004D773A /* Products */,
			);
			sourceTree = "<group>";
		};
		665400C62228DBA2004D773A /* Products */ = {
			isa = PBXGroup;
			children = (
				665400C52228DBA2004D773A /* SlipMyMindSecond.app */,
			);
			name = Products;
			sourceTree = "<group>";
		};
		665400C72228DBA2004D773A /* SlipMyMindSecond */ = {
			isa = PBXGroup;
			children = (
				665400C82228DBA2004D773A /* AppDelegate.h */,
				665400C92228DBA2004D773A /* AppDelegate.m */,
				665400CB2228DBA2004D773A /* ViewController.h */,
				665400CC2228DBA2004D773A /* ViewController.m */,
				665400CE2228DBA2004D773A /* Main.storyboard */,
				665400D12228DBA4004D773A /* Assets.xcassets */,
				665400D32228DBA4004D773A /* LaunchScreen.storyboard */,
				665400D62228DBA4004D773A /* Info.plist */,
				665400D72228DBA4004D773A /* main.m */,
			);
			path = SlipMyMindSecond;
			sourceTree = "<group>";
		};
/* End PBXGroup section */

/* Begin PBXNativeTarget section */
		665400C42228DBA2004D773A /* SlipMyMindSecond */ = {
			isa = PBXNativeTarget;
			buildConfigurationList = 665400DB2228DBA4004D773A /* Build configuration list for PBXNativeTarget "SlipMyMindSecond" */;
			buildPhases = (
				665400C12228DBA2004D773A /* Sources */,
				665400C22228DBA2004D773A /* Frameworks */,
				665400C32228DBA2004D773A /* Resources */,
			);
			buildRules = (
			);
			dependencies = (
			);
			name = SlipMyMindSecond;
			productName = SlipMyMindSecond;
			productReference = 665400C52228DBA2004D773A /* SlipMyMindSecond.app */;
			productType = "com.apple.product-type.application";
		};
/* End PBXNativeTarget section */

/* Begin PBXProject section */
		665400BD2228DBA2004D773A /* Project object */ = {
			isa = PBXProject;
			attributes = {
				LastUpgradeCheck = 0940;
				ORGANIZATIONNAME = huren;
				TargetAttributes = {
					665400C42228DBA2004D773A = {
						CreatedOnToolsVersion = 9.4.1;
					};
				};
			};
			buildConfigurationList = 665400C02228DBA2004D773A /* Build configuration list for PBXProject "SlipMyMindSecond" */;
			compatibilityVersion = "Xcode 9.3";
			developmentRegion = en;
			hasScannedForEncodings = 0;
			knownRegions = (
				en,
				Base,
			);
			mainGroup = 665400BC2228DBA2004D773A;
			productRefGroup = 665400C62228DBA2004D773A /* Products */;
			projectDirPath = "";
			projectRoot = "";
			targets = (
				665400C42228DBA2004D773A /* SlipMyMindSecond */,
			);
		};
/* End PBXProject section */

/* Begin PBXResourcesBuildPhase section */
		665400C32228DBA2004D773A /* Resources */ = {
			isa = PBXResourcesBuildPhase;
			buildActionMask = 2147483647;
			files = (
				665400D52228DBA4004D773A /* LaunchScreen.storyboard in Resources */,
				665400D22228DBA4004D773A /* Assets.xcassets in Resources */,
				665400D02228DBA2004D773A /* Main.storyboard in Resources */,
			);
			runOnlyForDeploymentPostprocessing = 0;
		};
/* End PBXResourcesBuildPhase section */

/* Begin PBXSourcesBuildPhase section */
		665400C12228DBA2004D773A /* Sources */ = {
			isa = PBXSourcesBuildPhase;
			buildActionMask = 2147483647;
			files = (
				665400CD2228DBA2004D773A /* ViewController.m in Sources */,
				665400D82228DBA4004D773A /* main.m in Sources */,
				665400CA2228DBA2004D773A /* AppDelegate.m in Sources */,
			);
			runOnlyForDeploymentPostprocessing = 0;
		};
/* End PBXSourcesBuildPhase section */

/* Begin PBXVariantGroup section */
		665400CE2228DBA2004D773A /* Main.storyboard */ = {
			isa = PBXVariantGroup;
			children = (
				665400CF2228DBA2004D773A /* Base */,
			);
			name = Main.storyboard;
			sourceTree = "<group>";
		};
		665400D32228DBA4004D773A /* LaunchScreen.storyboard */ = {
			isa = PBXVariantGroup;
			children = (
				665400D42228DBA4004D773A /* Base */,
			);
			name = LaunchScreen.storyboard;
			sourceTree = "<group>";
		};
/* End PBXVariantGroup section */

/* Begin XCBuildConfiguration section */
		665400D92228DBA4004D773A /* Debug */ = {
			isa = XCBuildConfiguration;
			buildSettings = {
				ALWAYS_SEARCH_USER_PATHS = NO;
				CLANG_ANALYZER_NONNULL = YES;
				CLANG_ANALYZER_NUMBER_OBJECT_CONVERSION = YES_AGGRESSIVE;
				CLANG_CXX_LANGUAGE_STANDARD = "gnu++14";
				CLANG_CXX_LIBRARY = "libc++";
				CLANG_ENABLE_MODULES = YES;
				CLANG_ENABLE_OBJC_ARC = YES;
				CLANG_ENABLE_OBJC_WEAK = YES;
				CLANG_WARN_BLOCK_CAPTURE_AUTORELEASING = YES;
				CLANG_WARN_BOOL_CONVERSION = YES;
				CLANG_WARN_COMMA = YES;
				CLANG_WARN_CONSTANT_CONVERSION = YES;
				CLANG_WARN_DEPRECATED_OBJC_IMPLEMENTATIONS = YES;
				CLANG_WARN_DIRECT_OBJC_ISA_USAGE = YES_ERROR;
				CLANG_WARN_DOCUMENTATION_COMMENTS = YES;
				CLANG_WARN_EMPTY_BODY = YES;
				CLANG_WARN_ENUM_CONVERSION = YES;
				CLANG_WARN_INFINITE_RECURSION = YES;
				CLANG_WARN_INT_CONVERSION = YES;
				CLANG_WARN_NON_LITERAL_NULL_CONVERSION = YES;
				CLANG_WARN_OBJC_IMPLICIT_RETAIN_SELF = YES;
				CLANG_WARN_OBJC_LITERAL_CONVERSION = YES;
				CLANG_WARN_OBJC_ROOT_CLASS = YES_ERROR;
				CLANG_WARN_RANGE_LOOP_ANALYSIS = YES;
				CLANG_WARN_STRICT_PROTOTYPES = YES;
				CLANG_WARN_SUSPICIOUS_MOVE = YES;
				CLANG_WARN_UNGUARDED_AVAILABILITY = YES_AGGRESSIVE;
				CLANG_WARN_UNREACHABLE_CODE = YES;
				CLANG_WARN__DUPLICATE_METHOD_MATCH = YES;
				CODE_SIGN_IDENTITY = "iPhone Developer";
				COPY_PHASE_STRIP = NO;
				DEBUG_INFORMATION_FORMAT = dwarf;
				ENABLE_STRICT_OBJC_MSGSEND = YES;
				ENABLE_TESTABILITY = YES;
				GCC_C_LANGUAGE_STANDARD = gnu11;
				GCC_DYNAMIC_NO_PIC = NO;
				GCC_NO_COMMON_BLOCKS = YES;
				GCC_OPTIMIZATION_LEVEL = 0;
				GCC_PREPROCESSOR_DEFINITIONS = (
					"DEBUG=1",
					"$(inherited)",
				);
				GCC_WARN_64_TO_32_BIT_CONVERSION = YES;
				GCC_WARN_ABOUT_RETURN_TYPE = YES_ERROR;
				GCC_WARN_UNDECLARED_SELECTOR = YES;
				GCC_WARN_UNINITIALIZED_AUTOS = YES_AGGRESSIVE;
				GCC_WARN_UNUSED_FUNCTION = YES;
				GCC_WARN_UNUSED_VARIABLE = YES;
				IPHONEOS_DEPLOYMENT_TARGET = 11.4;
				MTL_ENABLE_DEBUG_INFO = YES;
				ONLY_ACTIVE_ARCH = YES;
				SDKROOT = iphoneos;
			};
			name = Debug;
		};
		665400DA2228DBA4004D773A /* Release */ = {
			isa = XCBuildConfiguration;
			buildSettings = {
				ALWAYS_SEARCH_USER_PATHS = NO;
				CLANG_ANALYZER_NONNULL = YES;
				CLANG_ANALYZER_NUMBER_OBJECT_CONVERSION = YES_AGGRESSIVE;
				CLANG_CXX_LANGUAGE_STANDARD = "gnu++14";
				CLANG_CXX_LIBRARY = "libc++";
				CLANG_ENABLE_MODULES = YES;
				CLANG_ENABLE_OBJC_ARC = YES;
				CLANG_ENABLE_OBJC_WEAK = YES;
				CLANG_WARN_BLOCK_CAPTURE_AUTORELEASING = YES;
				CLANG_WARN_BOOL_CONVERSION = YES;
				CLANG_WARN_COMMA = YES;
				CLANG_WARN_CONSTANT_CONVERSION = YES;
				CLANG_WARN_DEPRECATED_OBJC_IMPLEMENTATIONS = YES;
				CLANG_WARN_DIRECT_OBJC_ISA_USAGE = YES_ERROR;
				CLANG_WARN_DOCUMENTATION_COMMENTS = YES;
				CLANG_WARN_EMPTY_BODY = YES;
				CLANG_WARN_ENUM_CONVERSION = YES;
				CLANG_WARN_INFINITE_RECURSION = YES;
				CLANG_WARN_INT_CONVERSION = YES;
				CLANG_WARN_NON_LITERAL_NULL_CONVERSION = YES;
				CLANG_WARN_OBJC_IMPLICIT_RETAIN_SELF = YES;
				CLANG_WARN_OBJC_LITERAL_CONVERSION = YES;
				CLANG_WARN_OBJC_ROOT_CLASS = YES_ERROR;
				CLANG_WARN_RANGE_LOOP_ANALYSIS = YES;
				CLANG_WARN_STRICT_PROTOTYPES = YES;
				CLANG_WARN_SUSPICIOUS_MOVE = YES;
				CLANG_WARN_UNGUARDED_AVAILABILITY = YES_AGGRESSIVE;
				CLANG_WARN_UNREACHABLE_CODE = YES;
				CLANG_WARN__DUPLICATE_METHOD_MATCH = YES;
				CODE_SIGN_IDENTITY = "iPhone Developer";
				COPY_PHASE_STRIP = NO;
				DEBUG_INFORMATION_FORMAT = "dwarf-with-dsym";
				ENABLE_NS_ASSERTIONS = NO;
				ENABLE_STRICT_OBJC_MSGSEND = YES;
				GCC_C_LANGUAGE_STANDARD = gnu11;
				GCC_NO_COMMON_BLOCKS = YES;
				GCC_WARN_64_TO_32_BIT_CONVERSION = YES;
				GCC_WARN_ABOUT_RETURN_TYPE = YES_ERROR;
				GCC_WARN_UNDECLARED_SELECTOR = YES;
				GCC_WARN_UNINITIALIZED_AUTOS = YES_AGGRESSIVE;
				GCC_WARN_UNUSED_FUNCTION = YES;
				GCC_WARN_UNUSED_VARIABLE = YES;
				IPHONEOS_DEPLOYMENT_TARGET = 11.4;
				MTL_ENABLE_DEBUG_INFO = NO;
				SDKROOT = iphoneos;
				VALIDATE_PRODUCT = YES;
			};
			name = Release;
		};
		665400DC2228DBA4004D773A /* Debug */ = {
			isa = XCBuildConfiguration;
			buildSettings = {
				ASSETCATALOG_COMPILER_APPICON_NAME = AppIcon;
				CODE_SIGN_STYLE = Automatic;
				DEVELOPMENT_TEAM = R7Y7KSCQ5L;
				INFOPLIST_FILE = SlipMyMindSecond/Info.plist;
				LD_RUNPATH_SEARCH_PATHS = (
					"$(inherited)",
					"@executable_path/Frameworks",
				);
				PRODUCT_BUNDLE_IDENTIFIER = com.huaren.SlipMyMindSecond;
				PRODUCT_NAME = "$(TARGET_NAME)";
				TARGETED_DEVICE_FAMILY = "1,2";
			};
			name = Debug;
		};
		665400DD2228DBA4004D773A /* Release */ = {
			isa = XCBuildConfiguration;
			buildSettings = {
				ASSETCATALOG_COMPILER_APPICON_NAME = AppIcon;
				CODE_SIGN_STYLE = Automatic;
				DEVELOPMENT_TEAM = R7Y7KSCQ5L;
				INFOPLIST_FILE = SlipMyMindSecond/Info.plist;
				LD_RUNPATH_SEARCH_PATHS = (
					"$(inherited)",
					"@executable_path/Frameworks",
				);
				PRODUCT_BUNDLE_IDENTIFIER = com.huaren.SlipMyMindSecond;
				PRODUCT_NAME = "$(TARGET_NAME)";
				TARGETED_DEVICE_FAMILY = "1,2";
			};
			name = Release;
		};
/* End XCBuildConfiguration section */

/* Begin XCConfigurationList section */
		665400C02228DBA2004D773A /* Build configuration list for PBXProject "SlipMyMindSecond" */ = {
			isa = XCConfigurationList;
			buildConfigurations = (
				665400D92228DBA4004D773A /* Debug */,
				665400DA2228DBA4004D773A /* Release */,
			);
			defaultConfigurationIsVisible = 0;
			defaultConfigurationName = Release;
		};
		665400DB2228DBA4004D773A /* Build configuration list for PBXNativeTarget "SlipMyMindSecond" */ = {
			isa = XCConfigurationList;
			buildConfigurations = (
				665400DC2228DBA4004D773A /* Debug */,
				665400DD2228DBA4004D773A /* Release */,
			);
			defaultConfigurationIsVisible = 0;
			defaultConfigurationName = Release;
		};
/* End XCConfigurationList section */
	};
	rootObject = 665400BD2228DBA2004D773A /* Project object */;
}
